{
  "version": "2",
  "remote": {
    "https://deno.land/std@0.206.0/assert/assert.ts": "9a97dad6d98c238938e7540736b826440ad8c1c1e54430ca4c4e623e585607ee",
    "https://deno.land/std@0.206.0/assert/assertion_error.ts": "4d0bde9b374dfbcbe8ac23f54f567b77024fb67dbb1906a852d67fe050d42f56",
    "https://deno.land/std@0.206.0/bytes/concat.ts": "7486275e040222f47a01900f99be659d5e8b1379ffda9a962be135b5ad7f304e",
    "https://deno.land/std@0.206.0/bytes/copy.ts": "939d89e302a9761dcf1d9c937c7711174ed74c59eef40a1e4569a05c9de88219",
    "https://deno.land/std@0.206.0/io/buf_reader.ts": "f7a43953b05eecbaea56ebcb654035bc91e117d6986a0b2d346c1d0de1d4dac4",
    "https://deno.land/std@0.206.0/io/buf_writer.ts": "c49d1a3114ad936690847abd0dd2e321e96188546d6e8ae9d22b292b8b59f9f8",
    "https://deno.land/std@0.206.0/io/buffer.ts": "2108faba32659e5a390bb59b1b4578ff0120b185d9310dd6fbf3b3a3d5775715",
    "https://deno.land/std@0.206.0/io/copy_n.ts": "d9033f08f23e2fb5378ed21fdd9075301ad6c73127364ba7eaacc5bb7c89064d",
    "https://deno.land/std@0.206.0/io/limited_reader.ts": "fa5dac37d71faf051f5dacee8cf567355d81dbd74f00fdf8c8f6164a16898a29",
    "https://deno.land/std@0.206.0/io/mod.ts": "d5591996b397d713e2927a0ffb883090aeca865064e2e0d4b97b860560d6ddc0",
    "https://deno.land/std@0.206.0/io/multi_reader.ts": "0b875c625f35cf4622eca55f0c25661b23a07f495b5badecfb5b37a77c842847",
    "https://deno.land/std@0.206.0/io/read_delim.ts": "b6cd78d8aa56ed0a06faa71239a248c15050daf741db4dbc65c1d826275e86a7",
    "https://deno.land/std@0.206.0/io/read_int.ts": "d215f009c393d23cb23da539ad57d8846a24118747ea82170b6fbe675bda8b90",
    "https://deno.land/std@0.206.0/io/read_lines.ts": "8d09daed983812ef4cee6e5333633e789673aeecbe109da09d281d4ceaf75d5c",
    "https://deno.land/std@0.206.0/io/read_long.ts": "1e4401aa53b730f92d7de9ddc191d2136bd44858f9590db0d8223d1a4eb96ede",
    "https://deno.land/std@0.206.0/io/read_range.ts": "bb8034041097ad8a0d79b9ce8baf57b1f91de4e7a2f9db457900771c5ab76fdf",
    "https://deno.land/std@0.206.0/io/read_short.ts": "ba7d7756602128f8c58dcf5c367becf1e340e173f5a5f3a82711e9ee083266f1",
    "https://deno.land/std@0.206.0/io/read_string_delim.ts": "2493bbd4505a25eb4f379ad781000fbc25d982ede0f7b3ca3e9926546d166b84",
    "https://deno.land/std@0.206.0/io/slice_long_to_bytes.ts": "bb8f82ac58779e72b0b012735014a89348594645a2d4838a95b89b66ddd08200",
    "https://deno.land/std@0.206.0/io/string_reader.ts": "fa67c001c2753a699a9bda4eb29abfa7c14a7ade09d31d601ad0bb09f1b869f8",
    "https://deno.land/std@0.206.0/io/string_writer.ts": "fd7dafd8e788aada5b4df92367a3f5fc7d0ce2daae6363ca8e317c4d1c40d8be",
    "https://deno.land/std@0.206.0/streams/_common.ts": "3b2c1f0287ce2ad51fff4091a7d0f48375c85b0ec341468e76d5ac13bb0014dd",
    "https://deno.land/std@0.206.0/streams/buffer.ts": "6cd773d22cf21bb988a98cc551b5abfc4c3b03516f93eaa3fb6f2f6e16032deb",
    "https://deno.land/std@0.206.0/streams/byte_slice_stream.ts": "c46d7c74836fc8c1a9acd9fe211cbe1bbaaee1b36087c834fb03af4991135c3a",
    "https://deno.land/std@0.206.0/streams/copy.ts": "bbd406bd9a71034a412c05bb0fd8b7964cc7f2e2ad0f0a1cc0463cdc816d540b",
    "https://deno.land/std@0.206.0/streams/delimiter_stream.ts": "9420edfaf1f54a3af78e627c8075958b1cfaa133e0e50c3d4e63ec82d5c90e36",
    "https://deno.land/std@0.206.0/streams/early_zip_readable_streams.ts": "4005fa74162b943f79899e5d7cb96adcbc0a6b867f9144974ed12d30e0a556e1",
    "https://deno.land/std@0.206.0/streams/iterate_reader.ts": "3b42d3056c8ccade561f1c7ac22d5e671e745933d9f9168fd3b5913588d911c3",
    "https://deno.land/std@0.206.0/streams/limited_bytes_transform_stream.ts": "05dc592ffaab83257494d22dd53917e56243c26e5e3129b3f13ddbbbc4785048",
    "https://deno.land/std@0.206.0/streams/limited_transform_stream.ts": "d69ab790232c1b86f53621ad41ef03c235f2abb4b7a1cd51960ad6e12ee55e38",
    "https://deno.land/std@0.206.0/streams/merge_readable_streams.ts": "22963b9bbec8d000d9613db859002768e013fd731cafd55942dc0120d03e7b5d",
    "https://deno.land/std@0.206.0/streams/mod.ts": "e133c271474f1e9dc19f5c4959406f5c2101540c56a3e7d7abc6bdb7bcef807e",
    "https://deno.land/std@0.206.0/streams/read_all.ts": "3b20a50af87d1bfebefa9c2dbda49e2b214d8ab0382ffdcc8ce858af80a912be",
    "https://deno.land/std@0.206.0/streams/readable_stream_from_reader.ts": "c4078b6fd4832748f979cb211facf483c82a840f3c0d88752f46d4dcddb3110a",
    "https://deno.land/std@0.206.0/streams/reader_from_iterable.ts": "91d578a6c75e443654a75580a67cf3af1eeb4b186fa0b309f35b49c9c53be2b7",
    "https://deno.land/std@0.206.0/streams/reader_from_stream_reader.ts": "53dfdb6c608005eb9e0610a9f9cbc51c66f34a519363f1abd4e8a09ab4ad8f9e",
    "https://deno.land/std@0.206.0/streams/text_delimiter_stream.ts": "f0dc8ff953a8a77f0d1fa8db1fee62de817f36e20d79b00b1362847e30fbdd90",
    "https://deno.land/std@0.206.0/streams/text_line_stream.ts": "4958525688593d20c1c439a006dabd64881736bff642744ca060b2c34b40c240",
    "https://deno.land/std@0.206.0/streams/to_array_buffer.ts": "de5803ef98cf2bfd8eeaaa17ae4f4d0364377bd6f6e425110e7010c1cb48196b",
    "https://deno.land/std@0.206.0/streams/to_blob.ts": "4cf929b3ffe5d4dbe445d572246159ee2eebf69e998a0ba867b9048fb6e92797",
    "https://deno.land/std@0.206.0/streams/to_json.ts": "10635fac9826392bb8e70bc8354d3beb1058fa1676aa9b6f98257a0d5575f520",
    "https://deno.land/std@0.206.0/streams/to_text.ts": "4018b5f7a0e7ab28d6957c239e401f8b534ef326b7ebd282ca76b3cd55380aab",
    "https://deno.land/std@0.206.0/streams/to_transform_stream.ts": "50af06140c414090df8c3879f46bed4043a5d73caa60352c0c9682a88ec7a8c9",
    "https://deno.land/std@0.206.0/streams/writable_stream_from_writer.ts": "b5ee3ef4d5be0b3214cddf0f87e804a6a31b9a5632c96277912e7543eaec9f40",
    "https://deno.land/std@0.206.0/streams/write_all.ts": "4cdd36256f892fe7aead46338054f6ea813a63765e87bda4c60e8c5a57d1c5c1",
    "https://deno.land/std@0.206.0/streams/writer_from_stream_writer.ts": "7188ce589d6179693b488b478c05137d4d15b93735ca26ec01e6e44aed8cb0c6",
    "https://deno.land/std@0.206.0/streams/zip_readable_streams.ts": "721c5bce8862c8225e60995b2d61c7b1b1d5b5178b60d303a01f453d5c26bb62",
    "https://deno.land/std@0.206.0/types.d.ts": "dbaeb2c4d7c526db9828fc8df89d8aecf53b9ced72e0c4568f97ddd8cda616a4"
  }
}
